
Microsoft Visual Studio Solution File, Format Version 12.00
# Visual Studio Version 17
VisualStudioVersion = 17.4.33110.190
MinimumVisualStudioVersion = 10.0.40219.1
Project("{FAE04EC0-301F-11D3-BF4B-00C04F79EFBC}") = "GestoreEventi", "GestoreEventi\GestoreEventi.csproj", "{8C283018-4803-4DC0-A706-49B1F28434DA}"
EndProject
Global
	GlobalSection(SolutionConfigurationPlatforms) = preSolution
		Debug|Any CPU = Debug|Any CPU
		Release|Any CPU = Release|Any CPU
	EndGlobalSection
	GlobalSection(ProjectConfigurationPlatforms) = postSolution
		{8C283018-4803-4DC0-A706-49B1F28434DA}.Debug|Any CPU.ActiveCfg = Debug|Any CPU
		{8C283018-4803-4DC0-A706-49B1F28434DA}.Debug|Any CPU.Build.0 = Debug|Any CPU
		{8C283018-4803-4DC0-A706-49B1F28434DA}.Release|Any CPU.ActiveCfg = Release|Any CPU
		{8C283018-4803-4DC0-A706-49B1F28434DA}.Release|Any CPU.Build.0 = Release|Any CPU
	EndGlobalSection
	GlobalSection(SolutionProperties) = preSolution
		HideSolutionNode = FALSE
	EndGlobalSection
	GlobalSection(ExtensibilityGlobals) = postSolution
		SolutionGuid = {310C0C00-B01F-4FA6-A5F4-DFF45F1BA3AC}
	EndGlobalSection
EndGlobal
